
Microsoft Visual Studio Solution File, Format Version 12.00
# Visual Studio Version 17
VisualStudioVersion = 17.8.34601.278
MinimumVisualStudioVersion = 10.0.40219.1
Project("{FAE04EC0-301F-11D3-BF4B-00C04F79EFBC}") = "Generic.UI", "Generic.UI\Generic.UI.csproj", "{784F41D5-70CB-4531-A019-11C9AF86AEF4}"
EndProject
Project("{FAE04EC0-301F-11D3-BF4B-00C04F79EFBC}") = "Generic.Domain", "Generic.Domain\Generic.Domain.csproj", "{BA01B4DA-D407-4A33-B15A-112AF2E0F6DC}"
EndProject
Global
	GlobalSection(SolutionConfigurationPlatforms) = preSolution
		Debug|Any CPU = Debug|Any CPU
		Release|Any CPU = Release|Any CPU
	EndGlobalSection
	GlobalSection(ProjectConfigurationPlatforms) = postSolution
		{784F41D5-70CB-4531-A019-11C9AF86AEF4}.Debug|Any CPU.ActiveCfg = Debug|Any CPU
		{784F41D5-70CB-4531-A019-11C9AF86AEF4}.Debug|Any CPU.Build.0 = Debug|Any CPU
		{784F41D5-70CB-4531-A019-11C9AF86AEF4}.Release|Any CPU.ActiveCfg = Release|Any CPU
		{784F41D5-70CB-4531-A019-11C9AF86AEF4}.Release|Any CPU.Build.0 = Release|Any CPU
		{BA01B4DA-D407-4A33-B15A-112AF2E0F6DC}.Debug|Any CPU.ActiveCfg = Debug|Any CPU
		{BA01B4DA-D407-4A33-B15A-112AF2E0F6DC}.Debug|Any CPU.Build.0 = Debug|Any CPU
		{BA01B4DA-D407-4A33-B15A-112AF2E0F6DC}.Release|Any CPU.ActiveCfg = Release|Any CPU
		{BA01B4DA-D407-4A33-B15A-112AF2E0F6DC}.Release|Any CPU.Build.0 = Release|Any CPU
	EndGlobalSection
	GlobalSection(SolutionProperties) = preSolution
		HideSolutionNode = FALSE
	EndGlobalSection
	GlobalSection(ExtensibilityGlobals) = postSolution
		SolutionGuid = {9AC16CF8-4459-48F1-9091-2A1BE003674A}
	EndGlobalSection
EndGlobal
